// !$*UTF8*$!
{
	archiveVersion = 1;
	classes = {
	};
	objectVersion = 55;
	objects = {

/* Begin PBXBuildFile section */
		C212FEC228DCBA9000CEAA02 /* Models+Constructor.swift in Sources */ = {isa = PBXBuildFile; fileRef = C212FEC128DCBA9000CEAA02 /* Models+Constructor.swift */; };
		C212FED228DCBDD400CEAA02 /* Models+Models.swift in Sources */ = {isa = PBXBuildFile; fileRef = C212FED128DCBDD400CEAA02 /* Models+Models.swift */; };
		C2683D1728E0BA1D00725F68 /* Common+ViewFactory.swift in Sources */ = {isa = PBXBuildFile; fileRef = C2683D1628E0BA1D00725F68 /* Common+ViewFactory.swift */; };
		C2683D2328E0BDD500725F68 /* Calendar+ViewModel.swift in Sources */ = {isa = PBXBuildFile; fileRef = C2683D1A28E0BDD500725F68 /* Calendar+ViewModel.swift */; };
		C2683D2428E0BDD500725F68 /* Calendar+ViewState.swift in Sources */ = {isa = PBXBuildFile; fileRef = C2683D1B28E0BDD500725F68 /* Calendar+ViewState.swift */; };
		C2683D2528E0BDD500725F68 /* Calendar.swift in Sources */ = {isa = PBXBuildFile; fileRef = C2683D1D28E0BDD500725F68 /* Calendar.swift */; };
		C2683D2728E0BDD500725F68 /* Calendar+Root.swift in Sources */ = {isa = PBXBuildFile; fileRef = C2683D2028E0BDD500725F68 /* Calendar+Root.swift */; };
		C2683D2928E0BDD500725F68 /* Calendar+View.swift in Sources */ = {isa = PBXBuildFile; fileRef = C2683D2228E0BDD500725F68 /* Calendar+View.swift */; };
		C2683D2C28E0BEFE00725F68 /* Calendar+Assembly.swift in Sources */ = {isa = PBXBuildFile; fileRef = C2683D2B28E0BEFE00725F68 /* Calendar+Assembly.swift */; };
		C2A38B9928DB636700D8C0F1 /* BoxBoxApp.swift in Sources */ = {isa = PBXBuildFile; fileRef = C2A38B9828DB636700D8C0F1 /* BoxBoxApp.swift */; };
		C2A38B9B28DB636700D8C0F1 /* HomeView.swift in Sources */ = {isa = PBXBuildFile; fileRef = C2A38B9A28DB636700D8C0F1 /* HomeView.swift */; };
		C2A38B9D28DB636B00D8C0F1 /* Assets.xcassets in Resources */ = {isa = PBXBuildFile; fileRef = C2A38B9C28DB636B00D8C0F1 /* Assets.xcassets */; };
		C2A38BA028DB636B00D8C0F1 /* Preview Assets.xcassets in Resources */ = {isa = PBXBuildFile; fileRef = C2A38B9F28DB636B00D8C0F1 /* Preview Assets.xcassets */; };
		C2A38BAA28DB636C00D8C0F1 /* BoxBoxTests.swift in Sources */ = {isa = PBXBuildFile; fileRef = C2A38BA928DB636C00D8C0F1 /* BoxBoxTests.swift */; };
		C2A38BB428DB636C00D8C0F1 /* BoxBoxUITests.swift in Sources */ = {isa = PBXBuildFile; fileRef = C2A38BB328DB636C00D8C0F1 /* BoxBoxUITests.swift */; };
		C2A38BB628DB636C00D8C0F1 /* BoxBoxUITestsLaunchTests.swift in Sources */ = {isa = PBXBuildFile; fileRef = C2A38BB528DB636C00D8C0F1 /* BoxBoxUITestsLaunchTests.swift */; };
		C2A38BC828DB642400D8C0F1 /* Network.swift in Sources */ = {isa = PBXBuildFile; fileRef = C2A38BC728DB642400D8C0F1 /* Network.swift */; };
		C2A38BE528DB827100D8C0F1 /* ErgastAPI.swift in Sources */ = {isa = PBXBuildFile; fileRef = C2A38BE428DB827100D8C0F1 /* ErgastAPI.swift */; };
		C2A38BEA28DB83AB00D8C0F1 /* ErgastInterface.swift in Sources */ = {isa = PBXBuildFile; fileRef = C2A38BE928DB83AB00D8C0F1 /* ErgastInterface.swift */; };
		C2A38BED28DB841F00D8C0F1 /* Models+Driver.swift in Sources */ = {isa = PBXBuildFile; fileRef = C2A38BEC28DB841F00D8C0F1 /* Models+Driver.swift */; };
		C2A38BF028DB863000D8C0F1 /* ErgastUrls.swift in Sources */ = {isa = PBXBuildFile; fileRef = C2A38BEF28DB863000D8C0F1 /* ErgastUrls.swift */; };
		C2A38BF428DB906D00D8C0F1 /* ErgastMockAPI.swift in Sources */ = {isa = PBXBuildFile; fileRef = C2A38BF328DB906D00D8C0F1 /* ErgastMockAPI.swift */; };
		C2A38BF928DB93D100D8C0F1 /* ViewFactory.swift in Sources */ = {isa = PBXBuildFile; fileRef = C2A38BF828DB93D100D8C0F1 /* ViewFactory.swift */; };
		C2A38C0D28DBE04F00D8C0F1 /* Standing+ViewState.swift in Sources */ = {isa = PBXBuildFile; fileRef = C2A38C0628DBE04F00D8C0F1 /* Standing+ViewState.swift */; };
		C2A38C0E28DBE04F00D8C0F1 /* Standing+ViewModel.swift in Sources */ = {isa = PBXBuildFile; fileRef = C2A38C0728DBE04F00D8C0F1 /* Standing+ViewModel.swift */; };
		C2A38C0F28DBE04F00D8C0F1 /* Standing.swift in Sources */ = {isa = PBXBuildFile; fileRef = C2A38C0928DBE04F00D8C0F1 /* Standing.swift */; };
		C2A38C1028DBE04F00D8C0F1 /* Standing+Root.swift in Sources */ = {isa = PBXBuildFile; fileRef = C2A38C0B28DBE04F00D8C0F1 /* Standing+Root.swift */; };
		C2A38C1128DBE04F00D8C0F1 /* Standing+View.swift in Sources */ = {isa = PBXBuildFile; fileRef = C2A38C0C28DBE04F00D8C0F1 /* Standing+View.swift */; };
		C2A38C1428DBE09D00D8C0F1 /* Standing+Assembly.swift in Sources */ = {isa = PBXBuildFile; fileRef = C2A38C1328DBE09D00D8C0F1 /* Standing+Assembly.swift */; };
		C2BE3BC228DD4A160057EFFF /* Color.swift in Sources */ = {isa = PBXBuildFile; fileRef = C2BE3BC128DD4A160057EFFF /* Color.swift */; };
		C2BE3BC428DE11590057EFFF /* Standing+DriverStandingCard.swift in Sources */ = {isa = PBXBuildFile; fileRef = C2BE3BC328DE11590057EFFF /* Standing+DriverStandingCard.swift */; };
		C2BE3BC628DE2B300057EFFF /* Standing+ConstructorStandingCard.swift in Sources */ = {isa = PBXBuildFile; fileRef = C2BE3BC528DE2B300057EFFF /* Standing+ConstructorStandingCard.swift */; };
		C2BE3BC828DE2BC50057EFFF /* Interface+ConstructorStanding.swift in Sources */ = {isa = PBXBuildFile; fileRef = C2BE3BC728DE2BC50057EFFF /* Interface+ConstructorStanding.swift */; };
		C2BE3BCA28DE2BEA0057EFFF /* Interface+Common.swift in Sources */ = {isa = PBXBuildFile; fileRef = C2BE3BC928DE2BEA0057EFFF /* Interface+Common.swift */; };
		C2C4EA8528DD3E4300E9D745 /* Interface+DriverStanding.swift in Sources */ = {isa = PBXBuildFile; fileRef = C2C4EA8428DD3E4300E9D745 /* Interface+DriverStanding.swift */; };
		C2C4EA8728DD40C900E9D745 /* Models+DriverStanding.swift in Sources */ = {isa = PBXBuildFile; fileRef = C2C4EA8628DD40C900E9D745 /* Models+DriverStanding.swift */; };
/* End PBXBuildFile section */

/* Begin PBXContainerItemProxy section */
		C2A38BA628DB636C00D8C0F1 /* PBXContainerItemProxy */ = {
			isa = PBXContainerItemProxy;
			containerPortal = C2A38B8D28DB636700D8C0F1 /* Project object */;
			proxyType = 1;
			remoteGlobalIDString = C2A38B9428DB636700D8C0F1;
			remoteInfo = BoxBox;
		};
		C2A38BB028DB636C00D8C0F1 /* PBXContainerItemProxy */ = {
			isa = PBXContainerItemProxy;
			containerPortal = C2A38B8D28DB636700D8C0F1 /* Project object */;
			proxyType = 1;
			remoteGlobalIDString = C2A38B9428DB636700D8C0F1;
			remoteInfo = BoxBox;
		};
/* End PBXContainerItemProxy section */

/* Begin PBXFileReference section */
		C212FEC128DCBA9000CEAA02 /* Models+Constructor.swift */ = {isa = PBXFileReference; lastKnownFileType = sourcecode.swift; path = "Models+Constructor.swift"; sourceTree = "<group>"; };
		C212FED128DCBDD400CEAA02 /* Models+Models.swift */ = {isa = PBXFileReference; lastKnownFileType = sourcecode.swift; path = "Models+Models.swift"; sourceTree = "<group>"; };
		C2683D1628E0BA1D00725F68 /* Common+ViewFactory.swift */ = {isa = PBXFileReference; lastKnownFileType = sourcecode.swift; path = "Common+ViewFactory.swift"; sourceTree = "<group>"; };
		C2683D1A28E0BDD500725F68 /* Calendar+ViewModel.swift */ = {isa = PBXFileReference; fileEncoding = 4; lastKnownFileType = sourcecode.swift; path = "Calendar+ViewModel.swift"; sourceTree = "<group>"; };
		C2683D1B28E0BDD500725F68 /* Calendar+ViewState.swift */ = {isa = PBXFileReference; fileEncoding = 4; lastKnownFileType = sourcecode.swift; path = "Calendar+ViewState.swift"; sourceTree = "<group>"; };
		C2683D1D28E0BDD500725F68 /* Calendar.swift */ = {isa = PBXFileReference; fileEncoding = 4; lastKnownFileType = sourcecode.swift; path = Calendar.swift; sourceTree = "<group>"; };
		C2683D2028E0BDD500725F68 /* Calendar+Root.swift */ = {isa = PBXFileReference; fileEncoding = 4; lastKnownFileType = sourcecode.swift; path = "Calendar+Root.swift"; sourceTree = "<group>"; };
		C2683D2228E0BDD500725F68 /* Calendar+View.swift */ = {isa = PBXFileReference; fileEncoding = 4; lastKnownFileType = sourcecode.swift; path = "Calendar+View.swift"; sourceTree = "<group>"; };
		C2683D2B28E0BEFE00725F68 /* Calendar+Assembly.swift */ = {isa = PBXFileReference; lastKnownFileType = sourcecode.swift; path = "Calendar+Assembly.swift"; sourceTree = "<group>"; };
		C2A38B9528DB636700D8C0F1 /* BoxBox.app */ = {isa = PBXFileReference; explicitFileType = wrapper.application; includeInIndex = 0; path = BoxBox.app; sourceTree = BUILT_PRODUCTS_DIR; };
		C2A38B9828DB636700D8C0F1 /* BoxBoxApp.swift */ = {isa = PBXFileReference; lastKnownFileType = sourcecode.swift; path = BoxBoxApp.swift; sourceTree = "<group>"; };
		C2A38B9A28DB636700D8C0F1 /* HomeView.swift */ = {isa = PBXFileReference; lastKnownFileType = sourcecode.swift; path = HomeView.swift; sourceTree = "<group>"; };
		C2A38B9C28DB636B00D8C0F1 /* Assets.xcassets */ = {isa = PBXFileReference; lastKnownFileType = folder.assetcatalog; path = Assets.xcassets; sourceTree = "<group>"; };
		C2A38B9F28DB636B00D8C0F1 /* Preview Assets.xcassets */ = {isa = PBXFileReference; lastKnownFileType = folder.assetcatalog; path = "Preview Assets.xcassets"; sourceTree = "<group>"; };
		C2A38BA528DB636C00D8C0F1 /* BoxBoxTests.xctest */ = {isa = PBXFileReference; explicitFileType = wrapper.cfbundle; includeInIndex = 0; path = BoxBoxTests.xctest; sourceTree = BUILT_PRODUCTS_DIR; };
		C2A38BA928DB636C00D8C0F1 /* BoxBoxTests.swift */ = {isa = PBXFileReference; lastKnownFileType = sourcecode.swift; path = BoxBoxTests.swift; sourceTree = "<group>"; };
		C2A38BAF28DB636C00D8C0F1 /* BoxBoxUITests.xctest */ = {isa = PBXFileReference; explicitFileType = wrapper.cfbundle; includeInIndex = 0; path = BoxBoxUITests.xctest; sourceTree = BUILT_PRODUCTS_DIR; };
		C2A38BB328DB636C00D8C0F1 /* BoxBoxUITests.swift */ = {isa = PBXFileReference; lastKnownFileType = sourcecode.swift; path = BoxBoxUITests.swift; sourceTree = "<group>"; };
		C2A38BB528DB636C00D8C0F1 /* BoxBoxUITestsLaunchTests.swift */ = {isa = PBXFileReference; lastKnownFileType = sourcecode.swift; path = BoxBoxUITestsLaunchTests.swift; sourceTree = "<group>"; };
		C2A38BC728DB642400D8C0F1 /* Network.swift */ = {isa = PBXFileReference; lastKnownFileType = sourcecode.swift; path = Network.swift; sourceTree = "<group>"; };
		C2A38BE428DB827100D8C0F1 /* ErgastAPI.swift */ = {isa = PBXFileReference; lastKnownFileType = sourcecode.swift; path = ErgastAPI.swift; sourceTree = "<group>"; };
		C2A38BE928DB83AB00D8C0F1 /* ErgastInterface.swift */ = {isa = PBXFileReference; lastKnownFileType = sourcecode.swift; path = ErgastInterface.swift; sourceTree = "<group>"; };
		C2A38BEC28DB841F00D8C0F1 /* Models+Driver.swift */ = {isa = PBXFileReference; lastKnownFileType = sourcecode.swift; path = "Models+Driver.swift"; sourceTree = "<group>"; };
		C2A38BEF28DB863000D8C0F1 /* ErgastUrls.swift */ = {isa = PBXFileReference; lastKnownFileType = sourcecode.swift; path = ErgastUrls.swift; sourceTree = "<group>"; };
		C2A38BF328DB906D00D8C0F1 /* ErgastMockAPI.swift */ = {isa = PBXFileReference; lastKnownFileType = sourcecode.swift; path = ErgastMockAPI.swift; sourceTree = "<group>"; };
		C2A38BF828DB93D100D8C0F1 /* ViewFactory.swift */ = {isa = PBXFileReference; lastKnownFileType = sourcecode.swift; path = ViewFactory.swift; sourceTree = "<group>"; };
		C2A38C0628DBE04F00D8C0F1 /* Standing+ViewState.swift */ = {isa = PBXFileReference; fileEncoding = 4; lastKnownFileType = sourcecode.swift; path = "Standing+ViewState.swift"; sourceTree = "<group>"; };
		C2A38C0728DBE04F00D8C0F1 /* Standing+ViewModel.swift */ = {isa = PBXFileReference; fileEncoding = 4; lastKnownFileType = sourcecode.swift; path = "Standing+ViewModel.swift"; sourceTree = "<group>"; };
		C2A38C0928DBE04F00D8C0F1 /* Standing.swift */ = {isa = PBXFileReference; fileEncoding = 4; lastKnownFileType = sourcecode.swift; path = Standing.swift; sourceTree = "<group>"; };
		C2A38C0B28DBE04F00D8C0F1 /* Standing+Root.swift */ = {isa = PBXFileReference; fileEncoding = 4; lastKnownFileType = sourcecode.swift; path = "Standing+Root.swift"; sourceTree = "<group>"; };
		C2A38C0C28DBE04F00D8C0F1 /* Standing+View.swift */ = {isa = PBXFileReference; fileEncoding = 4; lastKnownFileType = sourcecode.swift; path = "Standing+View.swift"; sourceTree = "<group>"; };
		C2A38C1328DBE09D00D8C0F1 /* Standing+Assembly.swift */ = {isa = PBXFileReference; fileEncoding = 4; lastKnownFileType = sourcecode.swift; path = "Standing+Assembly.swift"; sourceTree = "<group>"; };
		C2BE3BC128DD4A160057EFFF /* Color.swift */ = {isa = PBXFileReference; lastKnownFileType = sourcecode.swift; path = Color.swift; sourceTree = "<group>"; };
		C2BE3BC328DE11590057EFFF /* Standing+DriverStandingCard.swift */ = {isa = PBXFileReference; lastKnownFileType = sourcecode.swift; path = "Standing+DriverStandingCard.swift"; sourceTree = "<group>"; };
		C2BE3BC528DE2B300057EFFF /* Standing+ConstructorStandingCard.swift */ = {isa = PBXFileReference; fileEncoding = 4; lastKnownFileType = sourcecode.swift; path = "Standing+ConstructorStandingCard.swift"; sourceTree = "<group>"; };
		C2BE3BC728DE2BC50057EFFF /* Interface+ConstructorStanding.swift */ = {isa = PBXFileReference; lastKnownFileType = sourcecode.swift; path = "Interface+ConstructorStanding.swift"; sourceTree = "<group>"; };
		C2BE3BC928DE2BEA0057EFFF /* Interface+Common.swift */ = {isa = PBXFileReference; lastKnownFileType = sourcecode.swift; path = "Interface+Common.swift"; sourceTree = "<group>"; };
		C2C4EA8428DD3E4300E9D745 /* Interface+DriverStanding.swift */ = {isa = PBXFileReference; lastKnownFileType = sourcecode.swift; path = "Interface+DriverStanding.swift"; sourceTree = "<group>"; };
		C2C4EA8628DD40C900E9D745 /* Models+DriverStanding.swift */ = {isa = PBXFileReference; lastKnownFileType = sourcecode.swift; path = "Models+DriverStanding.swift"; sourceTree = "<group>"; };
/* End PBXFileReference section */

/* Begin PBXFrameworksBuildPhase section */
		C2A38B9228DB636700D8C0F1 /* Frameworks */ = {
			isa = PBXFrameworksBuildPhase;
			buildActionMask = 2147483647;
			files = (
			);
			runOnlyForDeploymentPostprocessing = 0;
		};
		C2A38BA228DB636C00D8C0F1 /* Frameworks */ = {
			isa = PBXFrameworksBuildPhase;
			buildActionMask = 2147483647;
			files = (
			);
			runOnlyForDeploymentPostprocessing = 0;
		};
		C2A38BAC28DB636C00D8C0F1 /* Frameworks */ = {
			isa = PBXFrameworksBuildPhase;
			buildActionMask = 2147483647;
			files = (
			);
			runOnlyForDeploymentPostprocessing = 0;
		};
/* End PBXFrameworksBuildPhase section */

/* Begin PBXGroup section */
		C2683D1828E0BDD500725F68 /* Calendar */ = {
			isa = PBXGroup;
			children = (
				C2683D1928E0BDD500725F68 /* ViewModel */,
				C2683D1C28E0BDD500725F68 /* Common */,
				C2683D1E28E0BDD500725F68 /* Views */,
			);
			path = Calendar;
			sourceTree = "<group>";
		};
		C2683D1928E0BDD500725F68 /* ViewModel */ = {
			isa = PBXGroup;
			children = (
				C2683D1A28E0BDD500725F68 /* Calendar+ViewModel.swift */,
				C2683D1B28E0BDD500725F68 /* Calendar+ViewState.swift */,
			);
			path = ViewModel;
			sourceTree = "<group>";
		};
		C2683D1C28E0BDD500725F68 /* Common */ = {
			isa = PBXGroup;
			children = (
				C2683D1D28E0BDD500725F68 /* Calendar.swift */,
			);
			path = Common;
			sourceTree = "<group>";
		};
		C2683D1E28E0BDD500725F68 /* Views */ = {
			isa = PBXGroup;
			children = (
				C2683D2028E0BDD500725F68 /* Calendar+Root.swift */,
				C2683D2228E0BDD500725F68 /* Calendar+View.swift */,
			);
			path = Views;
			sourceTree = "<group>";
		};
		C2683D2A28E0BEE900725F68 /* Calendar */ = {
			isa = PBXGroup;
			children = (
				C2683D2B28E0BEFE00725F68 /* Calendar+Assembly.swift */,
			);
			path = Calendar;
			sourceTree = "<group>";
		};
		C2A38B8C28DB636700D8C0F1 = {
			isa = PBXGroup;
			children = (
				C2A38B9728DB636700D8C0F1 /* BoxBox */,
				C2A38BA828DB636C00D8C0F1 /* BoxBoxTests */,
				C2A38BB228DB636C00D8C0F1 /* BoxBoxUITests */,
				C2A38B9628DB636700D8C0F1 /* Products */,
			);
			sourceTree = "<group>";
		};
		C2A38B9628DB636700D8C0F1 /* Products */ = {
			isa = PBXGroup;
			children = (
				C2A38B9528DB636700D8C0F1 /* BoxBox.app */,
				C2A38BA528DB636C00D8C0F1 /* BoxBoxTests.xctest */,
				C2A38BAF28DB636C00D8C0F1 /* BoxBoxUITests.xctest */,
			);
			name = Products;
			sourceTree = "<group>";
		};
		C2A38B9728DB636700D8C0F1 /* BoxBox */ = {
			isa = PBXGroup;
			children = (
				C2A38B9828DB636700D8C0F1 /* BoxBoxApp.swift */,
				C2A38B9A28DB636700D8C0F1 /* HomeView.swift */,
				C2A38BC528DB63E600D8C0F1 /* DependencyInjection */,
				C2A38BC328DB63C900D8C0F1 /* Features */,
				C2A38BC428DB63D900D8C0F1 /* Models */,
				C2A38BC228DB63BE00D8C0F1 /* Services */,
				C2BE3BC028DD4A070057EFFF /* Extensions */,
				C2A38B9C28DB636B00D8C0F1 /* Assets.xcassets */,
				C2A38B9E28DB636B00D8C0F1 /* Preview Content */,
			);
			path = BoxBox;
			sourceTree = "<group>";
		};
		C2A38B9E28DB636B00D8C0F1 /* Preview Content */ = {
			isa = PBXGroup;
			children = (
				C2A38BF128DB904A00D8C0F1 /* Service */,
				C2A38B9F28DB636B00D8C0F1 /* Preview Assets.xcassets */,
			);
			path = "Preview Content";
			sourceTree = "<group>";
		};
		C2A38BA828DB636C00D8C0F1 /* BoxBoxTests */ = {
			isa = PBXGroup;
			children = (
				C2A38BA928DB636C00D8C0F1 /* BoxBoxTests.swift */,
			);
			path = BoxBoxTests;
			sourceTree = "<group>";
		};
		C2A38BB228DB636C00D8C0F1 /* BoxBoxUITests */ = {
			isa = PBXGroup;
			children = (
				C2A38BB328DB636C00D8C0F1 /* BoxBoxUITests.swift */,
				C2A38BB528DB636C00D8C0F1 /* BoxBoxUITestsLaunchTests.swift */,
			);
			path = BoxBoxUITests;
			sourceTree = "<group>";
		};
		C2A38BC228DB63BE00D8C0F1 /* Services */ = {
			isa = PBXGroup;
			children = (
				C2A38BE328DB822000D8C0F1 /* ErgastAPI */,
				C2A38BC628DB63F400D8C0F1 /* Network */,
			);
			path = Services;
			sourceTree = "<group>";
		};
		C2A38BC328DB63C900D8C0F1 /* Features */ = {
			isa = PBXGroup;
			children = (
				C2683D1828E0BDD500725F68 /* Calendar */,
				C2A38C0428DBE04F00D8C0F1 /* Standing */,
			);
			path = Features;
			sourceTree = "<group>";
		};
		C2A38BC428DB63D900D8C0F1 /* Models */ = {
			isa = PBXGroup;
			children = (
				C2A38BEC28DB841F00D8C0F1 /* Models+Driver.swift */,
				C212FEC128DCBA9000CEAA02 /* Models+Constructor.swift */,
				C212FED128DCBDD400CEAA02 /* Models+Models.swift */,
				C2C4EA8628DD40C900E9D745 /* Models+DriverStanding.swift */,
			);
			path = Models;
			sourceTree = "<group>";
		};
		C2A38BC528DB63E600D8C0F1 /* DependencyInjection */ = {
			isa = PBXGroup;
			children = (
				C2A38BF828DB93D100D8C0F1 /* ViewFactory.swift */,
				C2683D1628E0BA1D00725F68 /* Common+ViewFactory.swift */,
				C2683D2A28E0BEE900725F68 /* Calendar */,
				C2A38C1228DBE09D00D8C0F1 /* Standing */,
			);
			path = DependencyInjection;
			sourceTree = "<group>";
		};
		C2A38BC628DB63F400D8C0F1 /* Network */ = {
			isa = PBXGroup;
			children = (
				C2A38BC728DB642400D8C0F1 /* Network.swift */,
			);
			path = Network;
			sourceTree = "<group>";
		};
		C2A38BE328DB822000D8C0F1 /* ErgastAPI */ = {
			isa = PBXGroup;
			children = (
				C2A38BE628DB831500D8C0F1 /* Interface */,
				C2A38BE428DB827100D8C0F1 /* ErgastAPI.swift */,
			);
			path = ErgastAPI;
			sourceTree = "<group>";
		};
		C2A38BE628DB831500D8C0F1 /* Interface */ = {
			isa = PBXGroup;
			children = (
				C2A38BEE28DB860900D8C0F1 /* URLS */,
				C2A38BEB28DB83E300D8C0F1 /* Common */,
				C2C4EA8428DD3E4300E9D745 /* Interface+DriverStanding.swift */,
				C2BE3BC728DE2BC50057EFFF /* Interface+ConstructorStanding.swift */,
				C2BE3BC928DE2BEA0057EFFF /* Interface+Common.swift */,
			);
			path = Interface;
			sourceTree = "<group>";
		};
		C2A38BEB28DB83E300D8C0F1 /* Common */ = {
			isa = PBXGroup;
			children = (
				C2A38BE928DB83AB00D8C0F1 /* ErgastInterface.swift */,
			);
			path = Common;
			sourceTree = "<group>";
		};
		C2A38BEE28DB860900D8C0F1 /* URLS */ = {
			isa = PBXGroup;
			children = (
				C2A38BEF28DB863000D8C0F1 /* ErgastUrls.swift */,
			);
			path = URLS;
			sourceTree = "<group>";
		};
		C2A38BF128DB904A00D8C0F1 /* Service */ = {
			isa = PBXGroup;
			children = (
				C2A38BF228DB905700D8C0F1 /* ErgastAPI */,
			);
			path = Service;
			sourceTree = "<group>";
		};
		C2A38BF228DB905700D8C0F1 /* ErgastAPI */ = {
			isa = PBXGroup;
			children = (
				C2A38BF328DB906D00D8C0F1 /* ErgastMockAPI.swift */,
			);
			path = ErgastAPI;
			sourceTree = "<group>";
		};
		C2A38C0428DBE04F00D8C0F1 /* Standing */ = {
			isa = PBXGroup;
			children = (
				C2A38C0828DBE04F00D8C0F1 /* Common */,
				C2A38C0528DBE04F00D8C0F1 /* ViewModel */,
				C2A38C0A28DBE04F00D8C0F1 /* Views */,
			);
			path = Standing;
			sourceTree = "<group>";
		};
		C2A38C0528DBE04F00D8C0F1 /* ViewModel */ = {
			isa = PBXGroup;
			children = (
				C2A38C0628DBE04F00D8C0F1 /* Standing+ViewState.swift */,
				C2A38C0728DBE04F00D8C0F1 /* Standing+ViewModel.swift */,
			);
			path = ViewModel;
			sourceTree = "<group>";
		};
		C2A38C0828DBE04F00D8C0F1 /* Common */ = {
			isa = PBXGroup;
			children = (
				C2A38C0928DBE04F00D8C0F1 /* Standing.swift */,
			);
			path = Common;
			sourceTree = "<group>";
		};
		C2A38C0A28DBE04F00D8C0F1 /* Views */ = {
			isa = PBXGroup;
			children = (
				C2A38C0C28DBE04F00D8C0F1 /* Standing+View.swift */,
				C2A38C0B28DBE04F00D8C0F1 /* Standing+Root.swift */,
				C2BE3BC528DE2B300057EFFF /* Standing+ConstructorStandingCard.swift */,
				C2BE3BC328DE11590057EFFF /* Standing+DriverStandingCard.swift */,
			);
			path = Views;
			sourceTree = "<group>";
		};
		C2A38C1228DBE09D00D8C0F1 /* Standing */ = {
			isa = PBXGroup;
			children = (
				C2A38C1328DBE09D00D8C0F1 /* Standing+Assembly.swift */,
			);
			path = Standing;
			sourceTree = "<group>";
		};
		C2BE3BC028DD4A070057EFFF /* Extensions */ = {
			isa = PBXGroup;
			children = (
				C2BE3BC128DD4A160057EFFF /* Color.swift */,
			);
			path = Extensions;
			sourceTree = "<group>";
		};
/* End PBXGroup section */

/* Begin PBXNativeTarget section */
		C2A38B9428DB636700D8C0F1 /* BoxBox */ = {
			isa = PBXNativeTarget;
			buildConfigurationList = C2A38BB928DB636C00D8C0F1 /* Build configuration list for PBXNativeTarget "BoxBox" */;
			buildPhases = (
				C2A38B9128DB636700D8C0F1 /* Sources */,
				C2A38B9228DB636700D8C0F1 /* Frameworks */,
				C2A38B9328DB636700D8C0F1 /* Resources */,
			);
			buildRules = (
			);
			dependencies = (
			);
			name = BoxBox;
			productName = BoxBox;
			productReference = C2A38B9528DB636700D8C0F1 /* BoxBox.app */;
			productType = "com.apple.product-type.application";
		};
		C2A38BA428DB636C00D8C0F1 /* BoxBoxTests */ = {
			isa = PBXNativeTarget;
			buildConfigurationList = C2A38BBC28DB636C00D8C0F1 /* Build configuration list for PBXNativeTarget "BoxBoxTests" */;
			buildPhases = (
				C2A38BA128DB636C00D8C0F1 /* Sources */,
				C2A38BA228DB636C00D8C0F1 /* Frameworks */,
				C2A38BA328DB636C00D8C0F1 /* Resources */,
			);
			buildRules = (
			);
			dependencies = (
				C2A38BA728DB636C00D8C0F1 /* PBXTargetDependency */,
			);
			name = BoxBoxTests;
			productName = BoxBoxTests;
			productReference = C2A38BA528DB636C00D8C0F1 /* BoxBoxTests.xctest */;
			productType = "com.apple.product-type.bundle.unit-test";
		};
		C2A38BAE28DB636C00D8C0F1 /* BoxBoxUITests */ = {
			isa = PBXNativeTarget;
			buildConfigurationList = C2A38BBF28DB636C00D8C0F1 /* Build configuration list for PBXNativeTarget "BoxBoxUITests" */;
			buildPhases = (
				C2A38BAB28DB636C00D8C0F1 /* Sources */,
				C2A38BAC28DB636C00D8C0F1 /* Frameworks */,
				C2A38BAD28DB636C00D8C0F1 /* Resources */,
			);
			buildRules = (
			);
			dependencies = (
				C2A38BB128DB636C00D8C0F1 /* PBXTargetDependency */,
			);
			name = BoxBoxUITests;
			productName = BoxBoxUITests;
			productReference = C2A38BAF28DB636C00D8C0F1 /* BoxBoxUITests.xctest */;
			productType = "com.apple.product-type.bundle.ui-testing";
		};
/* End PBXNativeTarget section */

/* Begin PBXProject section */
		C2A38B8D28DB636700D8C0F1 /* Project object */ = {
			isa = PBXProject;
			attributes = {
				BuildIndependentTargetsInParallel = 1;
				LastSwiftUpdateCheck = 1340;
				LastUpgradeCheck = 1340;
				TargetAttributes = {
					C2A38B9428DB636700D8C0F1 = {
						CreatedOnToolsVersion = 13.4;
					};
					C2A38BA428DB636C00D8C0F1 = {
						CreatedOnToolsVersion = 13.4;
						TestTargetID = C2A38B9428DB636700D8C0F1;
					};
					C2A38BAE28DB636C00D8C0F1 = {
						CreatedOnToolsVersion = 13.4;
						TestTargetID = C2A38B9428DB636700D8C0F1;
					};
				};
			};
			buildConfigurationList = C2A38B9028DB636700D8C0F1 /* Build configuration list for PBXProject "BoxBox" */;
			compatibilityVersion = "Xcode 13.0";
			developmentRegion = en;
			hasScannedForEncodings = 0;
			knownRegions = (
				en,
				Base,
			);
			mainGroup = C2A38B8C28DB636700D8C0F1;
			productRefGroup = C2A38B9628DB636700D8C0F1 /* Products */;
			projectDirPath = "";
			projectRoot = "";
			targets = (
				C2A38B9428DB636700D8C0F1 /* BoxBox */,
				C2A38BA428DB636C00D8C0F1 /* BoxBoxTests */,
				C2A38BAE28DB636C00D8C0F1 /* BoxBoxUITests */,
			);
		};
/* End PBXProject section */

/* Begin PBXResourcesBuildPhase section */
		C2A38B9328DB636700D8C0F1 /* Resources */ = {
			isa = PBXResourcesBuildPhase;
			buildActionMask = 2147483647;
			files = (
				C2A38BA028DB636B00D8C0F1 /* Preview Assets.xcassets in Resources */,
				C2A38B9D28DB636B00D8C0F1 /* Assets.xcassets in Resources */,
			);
			runOnlyForDeploymentPostprocessing = 0;
		};
		C2A38BA328DB636C00D8C0F1 /* Resources */ = {
			isa = PBXResourcesBuildPhase;
			buildActionMask = 2147483647;
			files = (
			);
			runOnlyForDeploymentPostprocessing = 0;
		};
		C2A38BAD28DB636C00D8C0F1 /* Resources */ = {
			isa = PBXResourcesBuildPhase;
			buildActionMask = 2147483647;
			files = (
			);
			runOnlyForDeploymentPostprocessing = 0;
		};
/* End PBXResourcesBuildPhase section */

/* Begin PBXSourcesBuildPhase section */
		C2A38B9128DB636700D8C0F1 /* Sources */ = {
			isa = PBXSourcesBuildPhase;
			buildActionMask = 2147483647;
			files = (
				C2A38C1428DBE09D00D8C0F1 /* Standing+Assembly.swift in Sources */,
				C2A38B9B28DB636700D8C0F1 /* HomeView.swift in Sources */,
				C2A38BE528DB827100D8C0F1 /* ErgastAPI.swift in Sources */,
				C212FED228DCBDD400CEAA02 /* Models+Models.swift in Sources */,
				C2683D2C28E0BEFE00725F68 /* Calendar+Assembly.swift in Sources */,
				C2A38C0E28DBE04F00D8C0F1 /* Standing+ViewModel.swift in Sources */,
				C2683D2528E0BDD500725F68 /* Calendar.swift in Sources */,
				C2BE3BC228DD4A160057EFFF /* Color.swift in Sources */,
				C2A38C1128DBE04F00D8C0F1 /* Standing+View.swift in Sources */,
				C2A38BF428DB906D00D8C0F1 /* ErgastMockAPI.swift in Sources */,
				C2683D1728E0BA1D00725F68 /* Common+ViewFactory.swift in Sources */,
				C2A38B9928DB636700D8C0F1 /* BoxBoxApp.swift in Sources */,
				C2683D2928E0BDD500725F68 /* Calendar+View.swift in Sources */,
				C2683D2328E0BDD500725F68 /* Calendar+ViewModel.swift in Sources */,
				C2A38BED28DB841F00D8C0F1 /* Models+Driver.swift in Sources */,
				C2683D2728E0BDD500725F68 /* Calendar+Root.swift in Sources */,
				C2A38BEA28DB83AB00D8C0F1 /* ErgastInterface.swift in Sources */,
				C2C4EA8728DD40C900E9D745 /* Models+DriverStanding.swift in Sources */,
				C2BE3BC428DE11590057EFFF /* Standing+DriverStandingCard.swift in Sources */,
				C2A38BF028DB863000D8C0F1 /* ErgastUrls.swift in Sources */,
				C2BE3BC628DE2B300057EFFF /* Standing+ConstructorStandingCard.swift in Sources */,
				C212FEC228DCBA9000CEAA02 /* Models+Constructor.swift in Sources */,
				C2C4EA8528DD3E4300E9D745 /* Interface+DriverStanding.swift in Sources */,
				C2A38BC828DB642400D8C0F1 /* Network.swift in Sources */,
				C2683D2428E0BDD500725F68 /* Calendar+ViewState.swift in Sources */,
				C2A38C0F28DBE04F00D8C0F1 /* Standing.swift in Sources */,
				C2A38BF928DB93D100D8C0F1 /* ViewFactory.swift in Sources */,
				C2BE3BC828DE2BC50057EFFF /* Interface+ConstructorStanding.swift in Sources */,
				C2A38C1028DBE04F00D8C0F1 /* Standing+Root.swift in Sources */,
				C2BE3BCA28DE2BEA0057EFFF /* Interface+Common.swift in Sources */,
				C2A38C0D28DBE04F00D8C0F1 /* Standing+ViewState.swift in Sources */,
			);
			runOnlyForDeploymentPostprocessing = 0;
		};
		C2A38BA128DB636C00D8C0F1 /* Sources */ = {
			isa = PBXSourcesBuildPhase;
			buildActionMask = 2147483647;
			files = (
				C2A38BAA28DB636C00D8C0F1 /* BoxBoxTests.swift in Sources */,
			);
			runOnlyForDeploymentPostprocessing = 0;
		};
		C2A38BAB28DB636C00D8C0F1 /* Sources */ = {
			isa = PBXSourcesBuildPhase;
			buildActionMask = 2147483647;
			files = (
				C2A38BB628DB636C00D8C0F1 /* BoxBoxUITestsLaunchTests.swift in Sources */,
				C2A38BB428DB636C00D8C0F1 /* BoxBoxUITests.swift in Sources */,
			);
			runOnlyForDeploymentPostprocessing = 0;
		};
/* End PBXSourcesBuildPhase section */

/* Begin PBXTargetDependency section */
		C2A38BA728DB636C00D8C0F1 /* PBXTargetDependency */ = {
			isa = PBXTargetDependency;
			target = C2A38B9428DB636700D8C0F1 /* BoxBox */;
			targetProxy = C2A38BA628DB636C00D8C0F1 /* PBXContainerItemProxy */;
		};
		C2A38BB128DB636C00D8C0F1 /* PBXTargetDependency */ = {
			isa = PBXTargetDependency;
			target = C2A38B9428DB636700D8C0F1 /* BoxBox */;
			targetProxy = C2A38BB028DB636C00D8C0F1 /* PBXContainerItemProxy */;
		};
/* End PBXTargetDependency section */

/* Begin XCBuildConfiguration section */
		C2A38BB728DB636C00D8C0F1 /* Debug */ = {
			isa = XCBuildConfiguration;
			buildSettings = {
				ALWAYS_SEARCH_USER_PATHS = NO;
				CLANG_ANALYZER_NONNULL = YES;
				CLANG_ANALYZER_NUMBER_OBJECT_CONVERSION = YES_AGGRESSIVE;
				CLANG_CXX_LANGUAGE_STANDARD = "gnu++17";
				CLANG_ENABLE_MODULES = YES;
				CLANG_ENABLE_OBJC_ARC = YES;
				CLANG_ENABLE_OBJC_WEAK = YES;
				CLANG_WARN_BLOCK_CAPTURE_AUTORELEASING = YES;
				CLANG_WARN_BOOL_CONVERSION = YES;
				CLANG_WARN_COMMA = YES;
				CLANG_WARN_CONSTANT_CONVERSION = YES;
				CLANG_WARN_DEPRECATED_OBJC_IMPLEMENTATIONS = YES;
				CLANG_WARN_DIRECT_OBJC_ISA_USAGE = YES_ERROR;
				CLANG_WARN_DOCUMENTATION_COMMENTS = YES;
				CLANG_WARN_EMPTY_BODY = YES;
				CLANG_WARN_ENUM_CONVERSION = YES;
				CLANG_WARN_INFINITE_RECURSION = YES;
				CLANG_WARN_INT_CONVERSION = YES;
				CLANG_WARN_NON_LITERAL_NULL_CONVERSION = YES;
				CLANG_WARN_OBJC_IMPLICIT_RETAIN_SELF = YES;
				CLANG_WARN_OBJC_LITERAL_CONVERSION = YES;
				CLANG_WARN_OBJC_ROOT_CLASS = YES_ERROR;
				CLANG_WARN_QUOTED_INCLUDE_IN_FRAMEWORK_HEADER = YES;
				CLANG_WARN_RANGE_LOOP_ANALYSIS = YES;
				CLANG_WARN_STRICT_PROTOTYPES = YES;
				CLANG_WARN_SUSPICIOUS_MOVE = YES;
				CLANG_WARN_UNGUARDED_AVAILABILITY = YES_AGGRESSIVE;
				CLANG_WARN_UNREACHABLE_CODE = YES;
				CLANG_WARN__DUPLICATE_METHOD_MATCH = YES;
				COPY_PHASE_STRIP = NO;
				DEBUG_INFORMATION_FORMAT = dwarf;
				ENABLE_STRICT_OBJC_MSGSEND = YES;
				ENABLE_TESTABILITY = YES;
				GCC_C_LANGUAGE_STANDARD = gnu11;
				GCC_DYNAMIC_NO_PIC = NO;
				GCC_NO_COMMON_BLOCKS = YES;
				GCC_OPTIMIZATION_LEVEL = 0;
				GCC_PREPROCESSOR_DEFINITIONS = (
					"DEBUG=1",
					"$(inherited)",
				);
				GCC_WARN_64_TO_32_BIT_CONVERSION = YES;
				GCC_WARN_ABOUT_RETURN_TYPE = YES_ERROR;
				GCC_WARN_UNDECLARED_SELECTOR = YES;
				GCC_WARN_UNINITIALIZED_AUTOS = YES_AGGRESSIVE;
				GCC_WARN_UNUSED_FUNCTION = YES;
				GCC_WARN_UNUSED_VARIABLE = YES;
				IPHONEOS_DEPLOYMENT_TARGET = 15.5;
				MTL_ENABLE_DEBUG_INFO = INCLUDE_SOURCE;
				MTL_FAST_MATH = YES;
				ONLY_ACTIVE_ARCH = YES;
				SDKROOT = iphoneos;
				SWIFT_ACTIVE_COMPILATION_CONDITIONS = DEBUG;
				SWIFT_OPTIMIZATION_LEVEL = "-Onone";
			};
			name = Debug;
		};
		C2A38BB828DB636C00D8C0F1 /* Release */ = {
			isa = XCBuildConfiguration;
			buildSettings = {
				ALWAYS_SEARCH_USER_PATHS = NO;
				CLANG_ANALYZER_NONNULL = YES;
				CLANG_ANALYZER_NUMBER_OBJECT_CONVERSION = YES_AGGRESSIVE;
				CLANG_CXX_LANGUAGE_STANDARD = "gnu++17";
				CLANG_ENABLE_MODULES = YES;
				CLANG_ENABLE_OBJC_ARC = YES;
				CLANG_ENABLE_OBJC_WEAK = YES;
				CLANG_WARN_BLOCK_CAPTURE_AUTORELEASING = YES;
				CLANG_WARN_BOOL_CONVERSION = YES;
				CLANG_WARN_COMMA = YES;
				CLANG_WARN_CONSTANT_CONVERSION = YES;
				CLANG_WARN_DEPRECATED_OBJC_IMPLEMENTATIONS = YES;
				CLANG_WARN_DIRECT_OBJC_ISA_USAGE = YES_ERROR;
				CLANG_WARN_DOCUMENTATION_COMMENTS = YES;
				CLANG_WARN_EMPTY_BODY = YES;
				CLANG_WARN_ENUM_CONVERSION = YES;
				CLANG_WARN_INFINITE_RECURSION = YES;
				CLANG_WARN_INT_CONVERSION = YES;
				CLANG_WARN_NON_LITERAL_NULL_CONVERSION = YES;
				CLANG_WARN_OBJC_IMPLICIT_RETAIN_SELF = YES;
				CLANG_WARN_OBJC_LITERAL_CONVERSION = YES;
				CLANG_WARN_OBJC_ROOT_CLASS = YES_ERROR;
				CLANG_WARN_QUOTED_INCLUDE_IN_FRAMEWORK_HEADER = YES;
				CLANG_WARN_RANGE_LOOP_ANALYSIS = YES;
				CLANG_WARN_STRICT_PROTOTYPES = YES;
				CLANG_WARN_SUSPICIOUS_MOVE = YES;
				CLANG_WARN_UNGUARDED_AVAILABILITY = YES_AGGRESSIVE;
				CLANG_WARN_UNREACHABLE_CODE = YES;
				CLANG_WARN__DUPLICATE_METHOD_MATCH = YES;
				COPY_PHASE_STRIP = NO;
				DEBUG_INFORMATION_FORMAT = "dwarf-with-dsym";
				ENABLE_NS_ASSERTIONS = NO;
				ENABLE_STRICT_OBJC_MSGSEND = YES;
				GCC_C_LANGUAGE_STANDARD = gnu11;
				GCC_NO_COMMON_BLOCKS = YES;
				GCC_WARN_64_TO_32_BIT_CONVERSION = YES;
				GCC_WARN_ABOUT_RETURN_TYPE = YES_ERROR;
				GCC_WARN_UNDECLARED_SELECTOR = YES;
				GCC_WARN_UNINITIALIZED_AUTOS = YES_AGGRESSIVE;
				GCC_WARN_UNUSED_FUNCTION = YES;
				GCC_WARN_UNUSED_VARIABLE = YES;
				IPHONEOS_DEPLOYMENT_TARGET = 15.5;
				MTL_ENABLE_DEBUG_INFO = NO;
				MTL_FAST_MATH = YES;
				SDKROOT = iphoneos;
				SWIFT_COMPILATION_MODE = wholemodule;
				SWIFT_OPTIMIZATION_LEVEL = "-O";
				VALIDATE_PRODUCT = YES;
			};
			name = Release;
		};
		C2A38BBA28DB636C00D8C0F1 /* Debug */ = {
			isa = XCBuildConfiguration;
			buildSettings = {
				ASSETCATALOG_COMPILER_APPICON_NAME = AppIcon;
				ASSETCATALOG_COMPILER_GLOBAL_ACCENT_COLOR_NAME = AccentColor;
				CODE_SIGN_STYLE = Automatic;
				CURRENT_PROJECT_VERSION = 1;
				DEVELOPMENT_ASSET_PATHS = "\"BoxBox/Preview Content\"";
				DEVELOPMENT_TEAM = SY4937CMA3;
				ENABLE_PREVIEWS = YES;
				GENERATE_INFOPLIST_FILE = YES;
				INFOPLIST_KEY_UIApplicationSceneManifest_Generation = YES;
				INFOPLIST_KEY_UIApplicationSupportsIndirectInputEvents = YES;
				INFOPLIST_KEY_UILaunchScreen_Generation = YES;
				INFOPLIST_KEY_UISupportedInterfaceOrientations_iPad = "UIInterfaceOrientationPortrait UIInterfaceOrientationPortraitUpsideDown UIInterfaceOrientationLandscapeLeft UIInterfaceOrientationLandscapeRight";
				INFOPLIST_KEY_UISupportedInterfaceOrientations_iPhone = "UIInterfaceOrientationPortrait UIInterfaceOrientationLandscapeLeft UIInterfaceOrientationLandscapeRight";
				LD_RUNPATH_SEARCH_PATHS = (
					"$(inherited)",
					"@executable_path/Frameworks",
				);
				MARKETING_VERSION = 1.0;
				PRODUCT_BUNDLE_IDENTIFIER = p1s.pasunsaoul.BoxBox;
				PRODUCT_NAME = "$(TARGET_NAME)";
				SWIFT_EMIT_LOC_STRINGS = YES;
				SWIFT_VERSION = 5.0;
				TARGETED_DEVICE_FAMILY = "1,2";
			};
			name = Debug;
		};
		C2A38BBB28DB636C00D8C0F1 /* Release */ = {
			isa = XCBuildConfiguration;
			buildSettings = {
				ASSETCATALOG_COMPILER_APPICON_NAME = AppIcon;
				ASSETCATALOG_COMPILER_GLOBAL_ACCENT_COLOR_NAME = AccentColor;
				CODE_SIGN_STYLE = Automatic;
				CURRENT_PROJECT_VERSION = 1;
				DEVELOPMENT_ASSET_PATHS = "\"BoxBox/Preview Content\"";
				DEVELOPMENT_TEAM = SY4937CMA3;
				ENABLE_PREVIEWS = YES;
				GENERATE_INFOPLIST_FILE = YES;
				INFOPLIST_KEY_UIApplicationSceneManifest_Generation = YES;
				INFOPLIST_KEY_UIApplicationSupportsIndirectInputEvents = YES;
				INFOPLIST_KEY_UILaunchScreen_Generation = YES;
				INFOPLIST_KEY_UISupportedInterfaceOrientations_iPad = "UIInterfaceOrientationPortrait UIInterfaceOrientationPortraitUpsideDown UIInterfaceOrientationLandscapeLeft UIInterfaceOrientationLandscapeRight";
				INFOPLIST_KEY_UISupportedInterfaceOrientations_iPhone = "UIInterfaceOrientationPortrait UIInterfaceOrientationLandscapeLeft UIInterfaceOrientationLandscapeRight";
				LD_RUNPATH_SEARCH_PATHS = (
					"$(inherited)",
					"@executable_path/Frameworks",
				);
				MARKETING_VERSION = 1.0;
				PRODUCT_BUNDLE_IDENTIFIER = p1s.pasunsaoul.BoxBox;
				PRODUCT_NAME = "$(TARGET_NAME)";
				SWIFT_EMIT_LOC_STRINGS = YES;
				SWIFT_VERSION = 5.0;
				TARGETED_DEVICE_FAMILY = "1,2";
			};
			name = Release;
		};
		C2A38BBD28DB636C00D8C0F1 /* Debug */ = {
			isa = XCBuildConfiguration;
			buildSettings = {
				ALWAYS_EMBED_SWIFT_STANDARD_LIBRARIES = YES;
				BUNDLE_LOADER = "$(TEST_HOST)";
				CODE_SIGN_STYLE = Automatic;
				CURRENT_PROJECT_VERSION = 1;
				DEVELOPMENT_TEAM = SY4937CMA3;
				GENERATE_INFOPLIST_FILE = YES;
				IPHONEOS_DEPLOYMENT_TARGET = 15.5;
				MARKETING_VERSION = 1.0;
				PRODUCT_BUNDLE_IDENTIFIER = p1s.pasunsaoul.BoxBoxTests;
				PRODUCT_NAME = "$(TARGET_NAME)";
				SWIFT_EMIT_LOC_STRINGS = NO;
				SWIFT_VERSION = 5.0;
				TARGETED_DEVICE_FAMILY = "1,2";
				TEST_HOST = "$(BUILT_PRODUCTS_DIR)/BoxBox.app/BoxBox";
			};
			name = Debug;
		};
		C2A38BBE28DB636C00D8C0F1 /* Release */ = {
			isa = XCBuildConfiguration;
			buildSettings = {
				ALWAYS_EMBED_SWIFT_STANDARD_LIBRARIES = YES;
				BUNDLE_LOADER = "$(TEST_HOST)";
				CODE_SIGN_STYLE = Automatic;
				CURRENT_PROJECT_VERSION = 1;
				DEVELOPMENT_TEAM = SY4937CMA3;
				GENERATE_INFOPLIST_FILE = YES;
				IPHONEOS_DEPLOYMENT_TARGET = 15.5;
				MARKETING_VERSION = 1.0;
				PRODUCT_BUNDLE_IDENTIFIER = p1s.pasunsaoul.BoxBoxTests;
				PRODUCT_NAME = "$(TARGET_NAME)";
				SWIFT_EMIT_LOC_STRINGS = NO;
				SWIFT_VERSION = 5.0;
				TARGETED_DEVICE_FAMILY = "1,2";
				TEST_HOST = "$(BUILT_PRODUCTS_DIR)/BoxBox.app/BoxBox";
			};
			name = Release;
		};
		C2A38BC028DB636C00D8C0F1 /* Debug */ = {
			isa = XCBuildConfiguration;
			buildSettings = {
				ALWAYS_EMBED_SWIFT_STANDARD_LIBRARIES = YES;
				CODE_SIGN_STYLE = Automatic;
				CURRENT_PROJECT_VERSION = 1;
				DEVELOPMENT_TEAM = SY4937CMA3;
				GENERATE_INFOPLIST_FILE = YES;
				MARKETING_VERSION = 1.0;
				PRODUCT_BUNDLE_IDENTIFIER = p1s.pasunsaoul.BoxBoxUITests;
				PRODUCT_NAME = "$(TARGET_NAME)";
				SWIFT_EMIT_LOC_STRINGS = NO;
				SWIFT_VERSION = 5.0;
				TARGETED_DEVICE_FAMILY = "1,2";
				TEST_TARGET_NAME = BoxBox;
			};
			name = Debug;
		};
		C2A38BC128DB636C00D8C0F1 /* Release */ = {
			isa = XCBuildConfiguration;
			buildSettings = {
				ALWAYS_EMBED_SWIFT_STANDARD_LIBRARIES = YES;
				CODE_SIGN_STYLE = Automatic;
				CURRENT_PROJECT_VERSION = 1;
				DEVELOPMENT_TEAM = SY4937CMA3;
				GENERATE_INFOPLIST_FILE = YES;
				MARKETING_VERSION = 1.0;
				PRODUCT_BUNDLE_IDENTIFIER = p1s.pasunsaoul.BoxBoxUITests;
				PRODUCT_NAME = "$(TARGET_NAME)";
				SWIFT_EMIT_LOC_STRINGS = NO;
				SWIFT_VERSION = 5.0;
				TARGETED_DEVICE_FAMILY = "1,2";
				TEST_TARGET_NAME = BoxBox;
			};
			name = Release;
		};
/* End XCBuildConfiguration section */

/* Begin XCConfigurationList section */
		C2A38B9028DB636700D8C0F1 /* Build configuration list for PBXProject "BoxBox" */ = {
			isa = XCConfigurationList;
			buildConfigurations = (
				C2A38BB728DB636C00D8C0F1 /* Debug */,
				C2A38BB828DB636C00D8C0F1 /* Release */,
			);
			defaultConfigurationIsVisible = 0;
			defaultConfigurationName = Release;
		};
		C2A38BB928DB636C00D8C0F1 /* Build configuration list for PBXNativeTarget "BoxBox" */ = {
			isa = XCConfigurationList;
			buildConfigurations = (
				C2A38BBA28DB636C00D8C0F1 /* Debug */,
				C2A38BBB28DB636C00D8C0F1 /* Release */,
			);
			defaultConfigurationIsVisible = 0;
			defaultConfigurationName = Release;
		};
		C2A38BBC28DB636C00D8C0F1 /* Build configuration list for PBXNativeTarget "BoxBoxTests" */ = {
			isa = XCConfigurationList;
			buildConfigurations = (
				C2A38BBD28DB636C00D8C0F1 /* Debug */,
				C2A38BBE28DB636C00D8C0F1 /* Release */,
			);
			defaultConfigurationIsVisible = 0;
			defaultConfigurationName = Release;
		};
		C2A38BBF28DB636C00D8C0F1 /* Build configuration list for PBXNativeTarget "BoxBoxUITests" */ = {
			isa = XCConfigurationList;
			buildConfigurations = (
				C2A38BC028DB636C00D8C0F1 /* Debug */,
				C2A38BC128DB636C00D8C0F1 /* Release */,
			);
			defaultConfigurationIsVisible = 0;
			defaultConfigurationName = Release;
		};
/* End XCConfigurationList section */
	};
	rootObject = C2A38B8D28DB636700D8C0F1 /* Project object */;
}
